# This file was autogenerated by Stack.
# You should not edit this file by hand.
# For more information, please see the documentation at:
#   https://docs.haskellstack.org/en/stable/lock_files

packages:
- completed:
    hackage: text-format-0.3.2@sha256:2a3fc17cf87120fcfdbca62a0da59759755549285841cdc1483081c35fb3d115,1814
    pantry-tree:
      size: 1029
      sha256: 2db26ddb77184186e0d5b2b020bdfbeb044c168024767b1fa3691682ca618896
  original:
    hackage: text-format-0.3.2
snapshots:
- completed:
    size: 532414
    url: https://raw.githubusercontent.com/commercialhaskell/stackage-snapshots/master/lts/16/22.yaml
    sha256: e483fb88549fc0f454c190979bf35ac91c7aceff2c0e71e7d8edd11842d772d8
  original: lts-16.22
